
Microsoft Visual Studio Solution File, Format Version 12.00
# Visual Studio Version 17
VisualStudioVersion = 17.4.33213.308
MinimumVisualStudioVersion = 10.0.40219.1
Project("{FAE04EC0-301F-11D3-BF4B-00C04F79EFBC}") = "Variables in CSharp", "Variables in CSharp.csproj", "{C51ED741-A315-45DF-AFD9-C34243BC908A}"
EndProject
Global
	GlobalSection(SolutionConfigurationPlatforms) = preSolution
		Debug|Any CPU = Debug|Any CPU
		Release|Any CPU = Release|Any CPU
	EndGlobalSection
	GlobalSection(ProjectConfigurationPlatforms) = postSolution
		{C51ED741-A315-45DF-AFD9-C34243BC908A}.Debug|Any CPU.ActiveCfg = Debug|Any CPU
		{C51ED741-A315-45DF-AFD9-C34243BC908A}.Debug|Any CPU.Build.0 = Debug|Any CPU
		{C51ED741-A315-45DF-AFD9-C34243BC908A}.Release|Any CPU.ActiveCfg = Release|Any CPU
		{C51ED741-A315-45DF-AFD9-C34243BC908A}.Release|Any CPU.Build.0 = Release|Any CPU
	EndGlobalSection
	GlobalSection(SolutionProperties) = preSolution
		HideSolutionNode = FALSE
	EndGlobalSection
	GlobalSection(ExtensibilityGlobals) = postSolution
		SolutionGuid = {E782F107-B230-4289-B24C-A7279A2232AF}
	EndGlobalSection
EndGlobal
